
Microsoft Visual Studio Solution File, Format Version 12.00
# Visual Studio Version 16
VisualStudioVersion = 16.0.30011.22
MinimumVisualStudioVersion = 10.0.40219.1
Project("{FAE04EC0-301F-11D3-BF4B-00C04F79EFBC}") = "FC_to_Python", "FC_to_Python.csproj", "{8076FB8A-BF16-40F3-BE9F-98B8A8BE5608}"
EndProject
Global
	GlobalSection(SolutionConfigurationPlatforms) = preSolution
		Debug|Any CPU = Debug|Any CPU
		Release|Any CPU = Release|Any CPU
	EndGlobalSection
	GlobalSection(ProjectConfigurationPlatforms) = postSolution
		{8076FB8A-BF16-40F3-BE9F-98B8A8BE5608}.Debug|Any CPU.ActiveCfg = Debug|Any CPU
		{8076FB8A-BF16-40F3-BE9F-98B8A8BE5608}.Debug|Any CPU.Build.0 = Debug|Any CPU
		{8076FB8A-BF16-40F3-BE9F-98B8A8BE5608}.Release|Any CPU.ActiveCfg = Release|Any CPU
		{8076FB8A-BF16-40F3-BE9F-98B8A8BE5608}.Release|Any CPU.Build.0 = Release|Any CPU
	EndGlobalSection
	GlobalSection(SolutionProperties) = preSolution
		HideSolutionNode = FALSE
	EndGlobalSection
	GlobalSection(ExtensibilityGlobals) = postSolution
		SolutionGuid = {A87D4336-EFAB-4F68-983F-F70DF65A9366}
	EndGlobalSection
EndGlobal
